
Microsoft Visual Studio Solution File, Format Version 12.00
# Visual Studio Version 17
VisualStudioVersion = 17.0.31919.166
MinimumVisualStudioVersion = 10.0.40219.1
Project("{9A19103F-16F7-4668-BE54-9A1E7A4F7556}") = "Crystalshire.Login", "Crystalshire.Login\Crystalshire.Login.csproj", "{AA80F1FC-3F09-4B41-9657-ED0D3469E968}"
EndProject
Project("{9A19103F-16F7-4668-BE54-9A1E7A4F7556}") = "Crystalshire.Game", "Crystalshire.Game\Crystalshire.Game.csproj", "{5691D4E5-12D1-4943-A38F-E885474DF6B9}"
EndProject
Project("{9A19103F-16F7-4668-BE54-9A1E7A4F7556}") = "Crystalshire.Core", "Crystalshire.Core\Crystalshire.Core.csproj", "{FB88A136-F14F-4E3C-8E0D-68FEE58CEA91}"
EndProject
Project("{9A19103F-16F7-4668-BE54-9A1E7A4F7556}") = "Crystalshire.Editor", "Crystalshire.Editor\Crystalshire.Editor.csproj", "{B82781BE-D14E-42F5-8E5E-E47E5BD0D3AF}"
EndProject
Project("{9A19103F-16F7-4668-BE54-9A1E7A4F7556}") = "Crystalshire.Model", "Crystalshire.Model\Crystalshire.Model.csproj", "{D85B056B-F8B9-482D-B716-D45035E371A2}"
EndProject
Project("{8BC9CEB8-8B4A-11D0-8D11-00A0C91BC942}") = "Crystalshire.Wrapper", "Crystalshire.Wrapper\Crystalshire.Wrapper.vcxproj", "{330AEEBA-EF7F-4036-A385-3EAF8D0EA20F}"
EndProject
Global
	GlobalSection(SolutionConfigurationPlatforms) = preSolution
		Debug|Any CPU = Debug|Any CPU
		Debug|x64 = Debug|x64
		Debug|x86 = Debug|x86
		Release|Any CPU = Release|Any CPU
		Release|x64 = Release|x64
		Release|x86 = Release|x86
	EndGlobalSection
	GlobalSection(ProjectConfigurationPlatforms) = postSolution
		{AA80F1FC-3F09-4B41-9657-ED0D3469E968}.Debug|Any CPU.ActiveCfg = Debug|Any CPU
		{AA80F1FC-3F09-4B41-9657-ED0D3469E968}.Debug|Any CPU.Build.0 = Debug|Any CPU
		{AA80F1FC-3F09-4B41-9657-ED0D3469E968}.Debug|x64.ActiveCfg = Debug|Any CPU
		{AA80F1FC-3F09-4B41-9657-ED0D3469E968}.Debug|x64.Build.0 = Debug|Any CPU
		{AA80F1FC-3F09-4B41-9657-ED0D3469E968}.Debug|x86.ActiveCfg = Debug|Any CPU
		{AA80F1FC-3F09-4B41-9657-ED0D3469E968}.Debug|x86.Build.0 = Debug|Any CPU
		{AA80F1FC-3F09-4B41-9657-ED0D3469E968}.Release|Any CPU.ActiveCfg = Release|Any CPU
		{AA80F1FC-3F09-4B41-9657-ED0D3469E968}.Release|Any CPU.Build.0 = Release|Any CPU
		{AA80F1FC-3F09-4B41-9657-ED0D3469E968}.Release|x64.ActiveCfg = Release|Any CPU
		{AA80F1FC-3F09-4B41-9657-ED0D3469E968}.Release|x64.Build.0 = Release|Any CPU
		{AA80F1FC-3F09-4B41-9657-ED0D3469E968}.Release|x86.ActiveCfg = Release|Any CPU
		{AA80F1FC-3F09-4B41-9657-ED0D3469E968}.Release|x86.Build.0 = Release|Any CPU
		{5691D4E5-12D1-4943-A38F-E885474DF6B9}.Debug|Any CPU.ActiveCfg = Debug|Any CPU
		{5691D4E5-12D1-4943-A38F-E885474DF6B9}.Debug|Any CPU.Build.0 = Debug|Any CPU
		{5691D4E5-12D1-4943-A38F-E885474DF6B9}.Debug|x64.ActiveCfg = Debug|Any CPU
		{5691D4E5-12D1-4943-A38F-E885474DF6B9}.Debug|x64.Build.0 = Debug|Any CPU
		{5691D4E5-12D1-4943-A38F-E885474DF6B9}.Debug|x86.ActiveCfg = Debug|Any CPU
		{5691D4E5-12D1-4943-A38F-E885474DF6B9}.Debug|x86.Build.0 = Debug|Any CPU
		{5691D4E5-12D1-4943-A38F-E885474DF6B9}.Release|Any CPU.ActiveCfg = Release|Any CPU
		{5691D4E5-12D1-4943-A38F-E885474DF6B9}.Release|Any CPU.Build.0 = Release|Any CPU
		{5691D4E5-12D1-4943-A38F-E885474DF6B9}.Release|x64.ActiveCfg = Release|Any CPU
		{5691D4E5-12D1-4943-A38F-E885474DF6B9}.Release|x64.Build.0 = Release|Any CPU
		{5691D4E5-12D1-4943-A38F-E885474DF6B9}.Release|x86.ActiveCfg = Release|Any CPU
		{5691D4E5-12D1-4943-A38F-E885474DF6B9}.Release|x86.Build.0 = Release|Any CPU
		{FB88A136-F14F-4E3C-8E0D-68FEE58CEA91}.Debug|Any CPU.ActiveCfg = Debug|Any CPU
		{FB88A136-F14F-4E3C-8E0D-68FEE58CEA91}.Debug|Any CPU.Build.0 = Debug|Any CPU
		{FB88A136-F14F-4E3C-8E0D-68FEE58CEA91}.Debug|x64.ActiveCfg = Debug|Any CPU
		{FB88A136-F14F-4E3C-8E0D-68FEE58CEA91}.Debug|x64.Build.0 = Debug|Any CPU
		{FB88A136-F14F-4E3C-8E0D-68FEE58CEA91}.Debug|x86.ActiveCfg = Debug|Any CPU
		{FB88A136-F14F-4E3C-8E0D-68FEE58CEA91}.Debug|x86.Build.0 = Debug|Any CPU
		{FB88A136-F14F-4E3C-8E0D-68FEE58CEA91}.Release|Any CPU.ActiveCfg = Release|Any CPU
		{FB88A136-F14F-4E3C-8E0D-68FEE58CEA91}.Release|Any CPU.Build.0 = Release|Any CPU
		{FB88A136-F14F-4E3C-8E0D-68FEE58CEA91}.Release|x64.ActiveCfg = Release|Any CPU
		{FB88A136-F14F-4E3C-8E0D-68FEE58CEA91}.Release|x64.Build.0 = Release|Any CPU
		{FB88A136-F14F-4E3C-8E0D-68FEE58CEA91}.Release|x86.ActiveCfg = Release|Any CPU
		{FB88A136-F14F-4E3C-8E0D-68FEE58CEA91}.Release|x86.Build.0 = Release|Any CPU
		{B82781BE-D14E-42F5-8E5E-E47E5BD0D3AF}.Debug|Any CPU.ActiveCfg = Debug|Any CPU
		{B82781BE-D14E-42F5-8E5E-E47E5BD0D3AF}.Debug|Any CPU.Build.0 = Debug|Any CPU
		{B82781BE-D14E-42F5-8E5E-E47E5BD0D3AF}.Debug|x64.ActiveCfg = Debug|Any CPU
		{B82781BE-D14E-42F5-8E5E-E47E5BD0D3AF}.Debug|x64.Build.0 = Debug|Any CPU
		{B82781BE-D14E-42F5-8E5E-E47E5BD0D3AF}.Debug|x86.ActiveCfg = Debug|Any CPU
		{B82781BE-D14E-42F5-8E5E-E47E5BD0D3AF}.Debug|x86.Build.0 = Debug|Any CPU
		{B82781BE-D14E-42F5-8E5E-E47E5BD0D3AF}.Release|Any CPU.ActiveCfg = Release|Any CPU
		{B82781BE-D14E-42F5-8E5E-E47E5BD0D3AF}.Release|Any CPU.Build.0 = Release|Any CPU
		{B82781BE-D14E-42F5-8E5E-E47E5BD0D3AF}.Release|x64.ActiveCfg = Release|Any CPU
		{B82781BE-D14E-42F5-8E5E-E47E5BD0D3AF}.Release|x64.Build.0 = Release|Any CPU
		{B82781BE-D14E-42F5-8E5E-E47E5BD0D3AF}.Release|x86.ActiveCfg = Release|Any CPU
		{B82781BE-D14E-42F5-8E5E-E47E5BD0D3AF}.Release|x86.Build.0 = Release|Any CPU
		{D85B056B-F8B9-482D-B716-D45035E371A2}.Debug|Any CPU.ActiveCfg = Debug|Any CPU
		{D85B056B-F8B9-482D-B716-D45035E371A2}.Debug|Any CPU.Build.0 = Debug|Any CPU
		{D85B056B-F8B9-482D-B716-D45035E371A2}.Debug|x64.ActiveCfg = Debug|Any CPU
		{D85B056B-F8B9-482D-B716-D45035E371A2}.Debug|x64.Build.0 = Debug|Any CPU
		{D85B056B-F8B9-482D-B716-D45035E371A2}.Debug|x86.ActiveCfg = Debug|Any CPU
		{D85B056B-F8B9-482D-B716-D45035E371A2}.Debug|x86.Build.0 = Debug|Any CPU
		{D85B056B-F8B9-482D-B716-D45035E371A2}.Release|Any CPU.ActiveCfg = Release|Any CPU
		{D85B056B-F8B9-482D-B716-D45035E371A2}.Release|Any CPU.Build.0 = Release|Any CPU
		{D85B056B-F8B9-482D-B716-D45035E371A2}.Release|x64.ActiveCfg = Release|Any CPU
		{D85B056B-F8B9-482D-B716-D45035E371A2}.Release|x64.Build.0 = Release|Any CPU
		{D85B056B-F8B9-482D-B716-D45035E371A2}.Release|x86.ActiveCfg = Release|Any CPU
		{D85B056B-F8B9-482D-B716-D45035E371A2}.Release|x86.Build.0 = Release|Any CPU
		{330AEEBA-EF7F-4036-A385-3EAF8D0EA20F}.Debug|Any CPU.ActiveCfg = Debug|x64
		{330AEEBA-EF7F-4036-A385-3EAF8D0EA20F}.Debug|Any CPU.Build.0 = Debug|x64
		{330AEEBA-EF7F-4036-A385-3EAF8D0EA20F}.Debug|x64.ActiveCfg = Debug|x64
		{330AEEBA-EF7F-4036-A385-3EAF8D0EA20F}.Debug|x64.Build.0 = Debug|x64
		{330AEEBA-EF7F-4036-A385-3EAF8D0EA20F}.Debug|x86.ActiveCfg = Debug|Win32
		{330AEEBA-EF7F-4036-A385-3EAF8D0EA20F}.Debug|x86.Build.0 = Debug|Win32
		{330AEEBA-EF7F-4036-A385-3EAF8D0EA20F}.Release|Any CPU.ActiveCfg = Release|x64
		{330AEEBA-EF7F-4036-A385-3EAF8D0EA20F}.Release|Any CPU.Build.0 = Release|x64
		{330AEEBA-EF7F-4036-A385-3EAF8D0EA20F}.Release|x64.ActiveCfg = Release|x64
		{330AEEBA-EF7F-4036-A385-3EAF8D0EA20F}.Release|x64.Build.0 = Release|x64
		{330AEEBA-EF7F-4036-A385-3EAF8D0EA20F}.Release|x86.ActiveCfg = Release|Win32
		{330AEEBA-EF7F-4036-A385-3EAF8D0EA20F}.Release|x86.Build.0 = Release|Win32
	EndGlobalSection
	GlobalSection(SolutionProperties) = preSolution
		HideSolutionNode = FALSE
	EndGlobalSection
	GlobalSection(ExtensibilityGlobals) = postSolution
		SolutionGuid = {C8A68CED-F3C1-4C17-AFFC-A54507156EB8}
	EndGlobalSection
EndGlobal
