
Microsoft Visual Studio Solution File, Format Version 12.00
# Visual Studio Version 17
VisualStudioVersion = 17.0.31919.166
MinimumVisualStudioVersion = 10.0.40219.1
Project("{9A19103F-16F7-4668-BE54-9A1E7A4F7556}") = "Dragon.Login", "Dragon.Login\Dragon.Login.csproj", "{AA80F1FC-3F09-4B41-9657-ED0D3469E968}"
EndProject
Project("{9A19103F-16F7-4668-BE54-9A1E7A4F7556}") = "Dragon.Game", "Dragon.Game\Dragon.Game.csproj", "{5691D4E5-12D1-4943-A38F-E885474DF6B9}"
EndProject
Project("{9A19103F-16F7-4668-BE54-9A1E7A4F7556}") = "Dragon.Core", "Dragon.Core\Dragon.Core.csproj", "{FB88A136-F14F-4E3C-8E0D-68FEE58CEA91}"
EndProject
Project("{9A19103F-16F7-4668-BE54-9A1E7A4F7556}") = "Dragon.Editor", "Dragon.Editor\Dragon.Editor.csproj", "{B82781BE-D14E-42F5-8E5E-E47E5BD0D3AF}"
EndProject
Project("{9A19103F-16F7-4668-BE54-9A1E7A4F7556}") = "Dragon.Network", "Dragon.Network\Dragon.Network.csproj", "{750CA2CA-A9D1-40BD-9A95-0F2AE966F2DE}"
EndProject
Project("{9A19103F-16F7-4668-BE54-9A1E7A4F7556}") = "Dragon.Database", "Dragon.Database\Dragon.Database.csproj", "{3DD06BC0-7FCD-4F61-90C3-0994893743D2}"
EndProject
Project("{9A19103F-16F7-4668-BE54-9A1E7A4F7556}") = "Dragon.Maps", "Dragon.Maps\Dragon.Maps.csproj", "{3F03651E-FF38-434D-A8EA-E9E1456AE831}"
EndProject
Project("{9A19103F-16F7-4668-BE54-9A1E7A4F7556}") = "Dragon.Packer", "Dragon.Packer\Dragon.Packer.csproj", "{F2341596-AF06-42A3-A67F-DBB0F7630A48}"
EndProject
Project("{9A19103F-16F7-4668-BE54-9A1E7A4F7556}") = "Dragon.Animator", "Dragon.Animator\Dragon.Animator.csproj", "{4CC3F848-2C88-4F5E-AE28-C9AA67759C53}"
EndProject
Project("{9A19103F-16F7-4668-BE54-9A1E7A4F7556}") = "Dragon.Fonts", "Dragon.Fonts\Dragon.Fonts.csproj", "{27B55D7F-9AD1-4AC3-81E8-B4D2640F5AC5}"
EndProject
Project("{9A19103F-16F7-4668-BE54-9A1E7A4F7556}") = "Dragon.Chat", "Dragon.Chat\Dragon.Chat.csproj", "{A6DDEFFD-B2F9-4C0F-A905-B19009595D7B}"
EndProject
Global
	GlobalSection(SolutionConfigurationPlatforms) = preSolution
		Debug|Any CPU = Debug|Any CPU
		Debug|x64 = Debug|x64
		Debug|x86 = Debug|x86
		Release|Any CPU = Release|Any CPU
		Release|x64 = Release|x64
		Release|x86 = Release|x86
	EndGlobalSection
	GlobalSection(ProjectConfigurationPlatforms) = postSolution
		{AA80F1FC-3F09-4B41-9657-ED0D3469E968}.Debug|Any CPU.ActiveCfg = Debug|Any CPU
		{AA80F1FC-3F09-4B41-9657-ED0D3469E968}.Debug|Any CPU.Build.0 = Debug|Any CPU
		{AA80F1FC-3F09-4B41-9657-ED0D3469E968}.Debug|x64.ActiveCfg = Debug|Any CPU
		{AA80F1FC-3F09-4B41-9657-ED0D3469E968}.Debug|x64.Build.0 = Debug|Any CPU
		{AA80F1FC-3F09-4B41-9657-ED0D3469E968}.Debug|x86.ActiveCfg = Debug|Any CPU
		{AA80F1FC-3F09-4B41-9657-ED0D3469E968}.Debug|x86.Build.0 = Debug|Any CPU
		{AA80F1FC-3F09-4B41-9657-ED0D3469E968}.Release|Any CPU.ActiveCfg = Release|Any CPU
		{AA80F1FC-3F09-4B41-9657-ED0D3469E968}.Release|Any CPU.Build.0 = Release|Any CPU
		{AA80F1FC-3F09-4B41-9657-ED0D3469E968}.Release|x64.ActiveCfg = Release|Any CPU
		{AA80F1FC-3F09-4B41-9657-ED0D3469E968}.Release|x64.Build.0 = Release|Any CPU
		{AA80F1FC-3F09-4B41-9657-ED0D3469E968}.Release|x86.ActiveCfg = Release|Any CPU
		{AA80F1FC-3F09-4B41-9657-ED0D3469E968}.Release|x86.Build.0 = Release|Any CPU
		{5691D4E5-12D1-4943-A38F-E885474DF6B9}.Debug|Any CPU.ActiveCfg = Debug|Any CPU
		{5691D4E5-12D1-4943-A38F-E885474DF6B9}.Debug|Any CPU.Build.0 = Debug|Any CPU
		{5691D4E5-12D1-4943-A38F-E885474DF6B9}.Debug|x64.ActiveCfg = Debug|Any CPU
		{5691D4E5-12D1-4943-A38F-E885474DF6B9}.Debug|x64.Build.0 = Debug|Any CPU
		{5691D4E5-12D1-4943-A38F-E885474DF6B9}.Debug|x86.ActiveCfg = Debug|Any CPU
		{5691D4E5-12D1-4943-A38F-E885474DF6B9}.Debug|x86.Build.0 = Debug|Any CPU
		{5691D4E5-12D1-4943-A38F-E885474DF6B9}.Release|Any CPU.ActiveCfg = Release|Any CPU
		{5691D4E5-12D1-4943-A38F-E885474DF6B9}.Release|Any CPU.Build.0 = Release|Any CPU
		{5691D4E5-12D1-4943-A38F-E885474DF6B9}.Release|x64.ActiveCfg = Release|Any CPU
		{5691D4E5-12D1-4943-A38F-E885474DF6B9}.Release|x64.Build.0 = Release|Any CPU
		{5691D4E5-12D1-4943-A38F-E885474DF6B9}.Release|x86.ActiveCfg = Release|Any CPU
		{5691D4E5-12D1-4943-A38F-E885474DF6B9}.Release|x86.Build.0 = Release|Any CPU
		{FB88A136-F14F-4E3C-8E0D-68FEE58CEA91}.Debug|Any CPU.ActiveCfg = Debug|Any CPU
		{FB88A136-F14F-4E3C-8E0D-68FEE58CEA91}.Debug|Any CPU.Build.0 = Debug|Any CPU
		{FB88A136-F14F-4E3C-8E0D-68FEE58CEA91}.Debug|x64.ActiveCfg = Debug|Any CPU
		{FB88A136-F14F-4E3C-8E0D-68FEE58CEA91}.Debug|x64.Build.0 = Debug|Any CPU
		{FB88A136-F14F-4E3C-8E0D-68FEE58CEA91}.Debug|x86.ActiveCfg = Debug|Any CPU
		{FB88A136-F14F-4E3C-8E0D-68FEE58CEA91}.Debug|x86.Build.0 = Debug|Any CPU
		{FB88A136-F14F-4E3C-8E0D-68FEE58CEA91}.Release|Any CPU.ActiveCfg = Release|Any CPU
		{FB88A136-F14F-4E3C-8E0D-68FEE58CEA91}.Release|Any CPU.Build.0 = Release|Any CPU
		{FB88A136-F14F-4E3C-8E0D-68FEE58CEA91}.Release|x64.ActiveCfg = Release|Any CPU
		{FB88A136-F14F-4E3C-8E0D-68FEE58CEA91}.Release|x64.Build.0 = Release|Any CPU
		{FB88A136-F14F-4E3C-8E0D-68FEE58CEA91}.Release|x86.ActiveCfg = Release|Any CPU
		{FB88A136-F14F-4E3C-8E0D-68FEE58CEA91}.Release|x86.Build.0 = Release|Any CPU
		{B82781BE-D14E-42F5-8E5E-E47E5BD0D3AF}.Debug|Any CPU.ActiveCfg = Debug|Any CPU
		{B82781BE-D14E-42F5-8E5E-E47E5BD0D3AF}.Debug|Any CPU.Build.0 = Debug|Any CPU
		{B82781BE-D14E-42F5-8E5E-E47E5BD0D3AF}.Debug|x64.ActiveCfg = Debug|Any CPU
		{B82781BE-D14E-42F5-8E5E-E47E5BD0D3AF}.Debug|x64.Build.0 = Debug|Any CPU
		{B82781BE-D14E-42F5-8E5E-E47E5BD0D3AF}.Debug|x86.ActiveCfg = Debug|Any CPU
		{B82781BE-D14E-42F5-8E5E-E47E5BD0D3AF}.Debug|x86.Build.0 = Debug|Any CPU
		{B82781BE-D14E-42F5-8E5E-E47E5BD0D3AF}.Release|Any CPU.ActiveCfg = Release|Any CPU
		{B82781BE-D14E-42F5-8E5E-E47E5BD0D3AF}.Release|Any CPU.Build.0 = Release|Any CPU
		{B82781BE-D14E-42F5-8E5E-E47E5BD0D3AF}.Release|x64.ActiveCfg = Release|Any CPU
		{B82781BE-D14E-42F5-8E5E-E47E5BD0D3AF}.Release|x64.Build.0 = Release|Any CPU
		{B82781BE-D14E-42F5-8E5E-E47E5BD0D3AF}.Release|x86.ActiveCfg = Release|Any CPU
		{B82781BE-D14E-42F5-8E5E-E47E5BD0D3AF}.Release|x86.Build.0 = Release|Any CPU
		{750CA2CA-A9D1-40BD-9A95-0F2AE966F2DE}.Debug|Any CPU.ActiveCfg = Debug|Any CPU
		{750CA2CA-A9D1-40BD-9A95-0F2AE966F2DE}.Debug|Any CPU.Build.0 = Debug|Any CPU
		{750CA2CA-A9D1-40BD-9A95-0F2AE966F2DE}.Debug|x64.ActiveCfg = Debug|Any CPU
		{750CA2CA-A9D1-40BD-9A95-0F2AE966F2DE}.Debug|x64.Build.0 = Debug|Any CPU
		{750CA2CA-A9D1-40BD-9A95-0F2AE966F2DE}.Debug|x86.ActiveCfg = Debug|Any CPU
		{750CA2CA-A9D1-40BD-9A95-0F2AE966F2DE}.Debug|x86.Build.0 = Debug|Any CPU
		{750CA2CA-A9D1-40BD-9A95-0F2AE966F2DE}.Release|Any CPU.ActiveCfg = Release|Any CPU
		{750CA2CA-A9D1-40BD-9A95-0F2AE966F2DE}.Release|Any CPU.Build.0 = Release|Any CPU
		{750CA2CA-A9D1-40BD-9A95-0F2AE966F2DE}.Release|x64.ActiveCfg = Release|Any CPU
		{750CA2CA-A9D1-40BD-9A95-0F2AE966F2DE}.Release|x64.Build.0 = Release|Any CPU
		{750CA2CA-A9D1-40BD-9A95-0F2AE966F2DE}.Release|x86.ActiveCfg = Release|Any CPU
		{750CA2CA-A9D1-40BD-9A95-0F2AE966F2DE}.Release|x86.Build.0 = Release|Any CPU
		{3DD06BC0-7FCD-4F61-90C3-0994893743D2}.Debug|Any CPU.ActiveCfg = Debug|Any CPU
		{3DD06BC0-7FCD-4F61-90C3-0994893743D2}.Debug|Any CPU.Build.0 = Debug|Any CPU
		{3DD06BC0-7FCD-4F61-90C3-0994893743D2}.Debug|x64.ActiveCfg = Debug|Any CPU
		{3DD06BC0-7FCD-4F61-90C3-0994893743D2}.Debug|x64.Build.0 = Debug|Any CPU
		{3DD06BC0-7FCD-4F61-90C3-0994893743D2}.Debug|x86.ActiveCfg = Debug|Any CPU
		{3DD06BC0-7FCD-4F61-90C3-0994893743D2}.Debug|x86.Build.0 = Debug|Any CPU
		{3DD06BC0-7FCD-4F61-90C3-0994893743D2}.Release|Any CPU.ActiveCfg = Release|Any CPU
		{3DD06BC0-7FCD-4F61-90C3-0994893743D2}.Release|Any CPU.Build.0 = Release|Any CPU
		{3DD06BC0-7FCD-4F61-90C3-0994893743D2}.Release|x64.ActiveCfg = Release|Any CPU
		{3DD06BC0-7FCD-4F61-90C3-0994893743D2}.Release|x64.Build.0 = Release|Any CPU
		{3DD06BC0-7FCD-4F61-90C3-0994893743D2}.Release|x86.ActiveCfg = Release|Any CPU
		{3DD06BC0-7FCD-4F61-90C3-0994893743D2}.Release|x86.Build.0 = Release|Any CPU
		{3F03651E-FF38-434D-A8EA-E9E1456AE831}.Debug|Any CPU.ActiveCfg = Debug|Any CPU
		{3F03651E-FF38-434D-A8EA-E9E1456AE831}.Debug|Any CPU.Build.0 = Debug|Any CPU
		{3F03651E-FF38-434D-A8EA-E9E1456AE831}.Debug|x64.ActiveCfg = Debug|Any CPU
		{3F03651E-FF38-434D-A8EA-E9E1456AE831}.Debug|x64.Build.0 = Debug|Any CPU
		{3F03651E-FF38-434D-A8EA-E9E1456AE831}.Debug|x86.ActiveCfg = Debug|Any CPU
		{3F03651E-FF38-434D-A8EA-E9E1456AE831}.Debug|x86.Build.0 = Debug|Any CPU
		{3F03651E-FF38-434D-A8EA-E9E1456AE831}.Release|Any CPU.ActiveCfg = Release|Any CPU
		{3F03651E-FF38-434D-A8EA-E9E1456AE831}.Release|Any CPU.Build.0 = Release|Any CPU
		{3F03651E-FF38-434D-A8EA-E9E1456AE831}.Release|x64.ActiveCfg = Release|Any CPU
		{3F03651E-FF38-434D-A8EA-E9E1456AE831}.Release|x64.Build.0 = Release|Any CPU
		{3F03651E-FF38-434D-A8EA-E9E1456AE831}.Release|x86.ActiveCfg = Release|Any CPU
		{3F03651E-FF38-434D-A8EA-E9E1456AE831}.Release|x86.Build.0 = Release|Any CPU
		{F2341596-AF06-42A3-A67F-DBB0F7630A48}.Debug|Any CPU.ActiveCfg = Debug|Any CPU
		{F2341596-AF06-42A3-A67F-DBB0F7630A48}.Debug|Any CPU.Build.0 = Debug|Any CPU
		{F2341596-AF06-42A3-A67F-DBB0F7630A48}.Debug|x64.ActiveCfg = Debug|Any CPU
		{F2341596-AF06-42A3-A67F-DBB0F7630A48}.Debug|x64.Build.0 = Debug|Any CPU
		{F2341596-AF06-42A3-A67F-DBB0F7630A48}.Debug|x86.ActiveCfg = Debug|Any CPU
		{F2341596-AF06-42A3-A67F-DBB0F7630A48}.Debug|x86.Build.0 = Debug|Any CPU
		{F2341596-AF06-42A3-A67F-DBB0F7630A48}.Release|Any CPU.ActiveCfg = Release|Any CPU
		{F2341596-AF06-42A3-A67F-DBB0F7630A48}.Release|Any CPU.Build.0 = Release|Any CPU
		{F2341596-AF06-42A3-A67F-DBB0F7630A48}.Release|x64.ActiveCfg = Release|Any CPU
		{F2341596-AF06-42A3-A67F-DBB0F7630A48}.Release|x64.Build.0 = Release|Any CPU
		{F2341596-AF06-42A3-A67F-DBB0F7630A48}.Release|x86.ActiveCfg = Release|Any CPU
		{F2341596-AF06-42A3-A67F-DBB0F7630A48}.Release|x86.Build.0 = Release|Any CPU
		{4CC3F848-2C88-4F5E-AE28-C9AA67759C53}.Debug|Any CPU.ActiveCfg = Debug|Any CPU
		{4CC3F848-2C88-4F5E-AE28-C9AA67759C53}.Debug|Any CPU.Build.0 = Debug|Any CPU
		{4CC3F848-2C88-4F5E-AE28-C9AA67759C53}.Debug|x64.ActiveCfg = Debug|Any CPU
		{4CC3F848-2C88-4F5E-AE28-C9AA67759C53}.Debug|x64.Build.0 = Debug|Any CPU
		{4CC3F848-2C88-4F5E-AE28-C9AA67759C53}.Debug|x86.ActiveCfg = Debug|Any CPU
		{4CC3F848-2C88-4F5E-AE28-C9AA67759C53}.Debug|x86.Build.0 = Debug|Any CPU
		{4CC3F848-2C88-4F5E-AE28-C9AA67759C53}.Release|Any CPU.ActiveCfg = Release|Any CPU
		{4CC3F848-2C88-4F5E-AE28-C9AA67759C53}.Release|Any CPU.Build.0 = Release|Any CPU
		{4CC3F848-2C88-4F5E-AE28-C9AA67759C53}.Release|x64.ActiveCfg = Release|Any CPU
		{4CC3F848-2C88-4F5E-AE28-C9AA67759C53}.Release|x64.Build.0 = Release|Any CPU
		{4CC3F848-2C88-4F5E-AE28-C9AA67759C53}.Release|x86.ActiveCfg = Release|Any CPU
		{4CC3F848-2C88-4F5E-AE28-C9AA67759C53}.Release|x86.Build.0 = Release|Any CPU
		{27B55D7F-9AD1-4AC3-81E8-B4D2640F5AC5}.Debug|Any CPU.ActiveCfg = Debug|Any CPU
		{27B55D7F-9AD1-4AC3-81E8-B4D2640F5AC5}.Debug|Any CPU.Build.0 = Debug|Any CPU
		{27B55D7F-9AD1-4AC3-81E8-B4D2640F5AC5}.Debug|x64.ActiveCfg = Debug|Any CPU
		{27B55D7F-9AD1-4AC3-81E8-B4D2640F5AC5}.Debug|x64.Build.0 = Debug|Any CPU
		{27B55D7F-9AD1-4AC3-81E8-B4D2640F5AC5}.Debug|x86.ActiveCfg = Debug|Any CPU
		{27B55D7F-9AD1-4AC3-81E8-B4D2640F5AC5}.Debug|x86.Build.0 = Debug|Any CPU
		{27B55D7F-9AD1-4AC3-81E8-B4D2640F5AC5}.Release|Any CPU.ActiveCfg = Release|Any CPU
		{27B55D7F-9AD1-4AC3-81E8-B4D2640F5AC5}.Release|Any CPU.Build.0 = Release|Any CPU
		{27B55D7F-9AD1-4AC3-81E8-B4D2640F5AC5}.Release|x64.ActiveCfg = Release|Any CPU
		{27B55D7F-9AD1-4AC3-81E8-B4D2640F5AC5}.Release|x64.Build.0 = Release|Any CPU
		{27B55D7F-9AD1-4AC3-81E8-B4D2640F5AC5}.Release|x86.ActiveCfg = Release|Any CPU
		{27B55D7F-9AD1-4AC3-81E8-B4D2640F5AC5}.Release|x86.Build.0 = Release|Any CPU
		{A6DDEFFD-B2F9-4C0F-A905-B19009595D7B}.Debug|Any CPU.ActiveCfg = Debug|Any CPU
		{A6DDEFFD-B2F9-4C0F-A905-B19009595D7B}.Debug|Any CPU.Build.0 = Debug|Any CPU
		{A6DDEFFD-B2F9-4C0F-A905-B19009595D7B}.Debug|x64.ActiveCfg = Debug|Any CPU
		{A6DDEFFD-B2F9-4C0F-A905-B19009595D7B}.Debug|x64.Build.0 = Debug|Any CPU
		{A6DDEFFD-B2F9-4C0F-A905-B19009595D7B}.Debug|x86.ActiveCfg = Debug|Any CPU
		{A6DDEFFD-B2F9-4C0F-A905-B19009595D7B}.Debug|x86.Build.0 = Debug|Any CPU
		{A6DDEFFD-B2F9-4C0F-A905-B19009595D7B}.Release|Any CPU.ActiveCfg = Release|Any CPU
		{A6DDEFFD-B2F9-4C0F-A905-B19009595D7B}.Release|Any CPU.Build.0 = Release|Any CPU
		{A6DDEFFD-B2F9-4C0F-A905-B19009595D7B}.Release|x64.ActiveCfg = Release|Any CPU
		{A6DDEFFD-B2F9-4C0F-A905-B19009595D7B}.Release|x64.Build.0 = Release|Any CPU
		{A6DDEFFD-B2F9-4C0F-A905-B19009595D7B}.Release|x86.ActiveCfg = Release|Any CPU
		{A6DDEFFD-B2F9-4C0F-A905-B19009595D7B}.Release|x86.Build.0 = Release|Any CPU
	EndGlobalSection
	GlobalSection(SolutionProperties) = preSolution
		HideSolutionNode = FALSE
	EndGlobalSection
	GlobalSection(ExtensibilityGlobals) = postSolution
		SolutionGuid = {C8A68CED-F3C1-4C17-AFFC-A54507156EB8}
	EndGlobalSection
EndGlobal
