<?xml version="1.0" encoding="utf-8"?>
<Project ToolsVersion="4.0" xmlns="http://schemas.microsoft.com/developer/msbuild/2003">
  <ItemGroup>
    <Filter Include="Source Files">
      <UniqueIdentifier>{4FC737F1-C7A5-4376-A066-2A32D752A2FF}</UniqueIdentifier>
      <Extensions>cpp;c;cc;cxx;c++;cppm;ixx;def;odl;idl;hpj;bat;asm;asmx</Extensions>
    </Filter>
    <Filter Include="Header Files">
      <UniqueIdentifier>{93995380-89BD-4b04-88EB-625FBE52EBFB}</UniqueIdentifier>
      <Extensions>h;hh;hpp;hxx;h++;hm;inl;inc;ipp;xsd</Extensions>
    </Filter>
    <Filter Include="Resource Files">
      <UniqueIdentifier>{67DA6AB6-F800-4c08-8B7A-83BB121AAD01}</UniqueIdentifier>
      <Extensions>rc;ico;cur;bmp;dlg;rc2;rct;bin;rgs;gif;jpg;jpeg;jpe;resx;tiff;tif;png;wav;mfcribbon-ms</Extensions>
    </Filter>
    <Filter Include="Header Files\Cryptography">
      <UniqueIdentifier>{8c5524f4-7c61-4988-a632-6a5e1825ffcb}</UniqueIdentifier>
    </Filter>
    <Filter Include="Header Files\IO">
      <UniqueIdentifier>{65542a25-d659-4f8b-afbe-3897ebcb34a6}</UniqueIdentifier>
    </Filter>
    <Filter Include="Source Files\Cryptography">
      <UniqueIdentifier>{1ae456e0-0811-40a9-bbca-536985a3a368}</UniqueIdentifier>
    </Filter>
    <Filter Include="Source Files\IO">
      <UniqueIdentifier>{74fcc278-edcf-4a17-b2dc-bd82fc1edce8}</UniqueIdentifier>
    </Filter>
    <Filter Include="Header Files\Resource">
      <UniqueIdentifier>{5cfb563d-4878-473c-bef8-b21a43c228d9}</UniqueIdentifier>
    </Filter>
    <Filter Include="Header Files\Text">
      <UniqueIdentifier>{3c2e17cd-ce57-4b29-acc6-654c88b7822f}</UniqueIdentifier>
    </Filter>
    <Filter Include="Source Files\Text">
      <UniqueIdentifier>{a3683a97-1a8f-4229-a70c-792ac3682398}</UniqueIdentifier>
    </Filter>
    <Filter Include="Header Files\Hardware">
      <UniqueIdentifier>{71453d6a-41ad-4edd-80f2-564271efcf91}</UniqueIdentifier>
    </Filter>
    <Filter Include="Source Files\Hardware">
      <UniqueIdentifier>{44082947-646f-4fa1-a27a-6c5fcf8c2559}</UniqueIdentifier>
    </Filter>
  </ItemGroup>
  <ItemGroup>
    <ClInclude Include="Main.h">
      <Filter>Header Files</Filter>
    </ClInclude>
    <ClInclude Include="AESCipherMode.h">
      <Filter>Header Files\Cryptography</Filter>
    </ClInclude>
    <ClInclude Include="AESSettings.h">
      <Filter>Header Files\Cryptography</Filter>
    </ClInclude>
    <ClInclude Include="AESKeySize.h">
      <Filter>Header Files\Cryptography</Filter>
    </ClInclude>
    <ClInclude Include="AESManaged.h">
      <Filter>Header Files\Cryptography</Filter>
    </ClInclude>
    <ClInclude Include="AESPaddingMode.h">
      <Filter>Header Files\Cryptography</Filter>
    </ClInclude>
    <ClInclude Include="FileManager.h">
      <Filter>Header Files\IO</Filter>
    </ClInclude>
    <ClInclude Include="resource.h">
      <Filter>Header Files\Resource</Filter>
    </ClInclude>
    <ClInclude Include="WideStringConversion.h">
      <Filter>Header Files\Text</Filter>
    </ClInclude>
    <ClInclude Include="AESKeyLength.h">
      <Filter>Header Files\Cryptography</Filter>
    </ClInclude>
    <ClInclude Include="Hash.h">
      <Filter>Header Files\Cryptography</Filter>
    </ClInclude>
    <ClInclude Include="Hardware.h">
      <Filter>Header Files\Hardware</Filter>
    </ClInclude>
    <ClInclude Include="BlowFishCipher.h">
      <Filter>Header Files\Cryptography</Filter>
    </ClInclude>
  </ItemGroup>
  <ItemGroup>
    <ClCompile Include="Main.cpp">
      <Filter>Source Files</Filter>
    </ClCompile>
    <ClCompile Include="AESManaged.cpp">
      <Filter>Source Files\Cryptography</Filter>
    </ClCompile>
    <ClCompile Include="FileManager.cpp">
      <Filter>Source Files\IO</Filter>
    </ClCompile>
    <ClCompile Include="WideStringConversion.cpp">
      <Filter>Source Files\Text</Filter>
    </ClCompile>
    <ClCompile Include="Hash.cpp">
      <Filter>Source Files\Cryptography</Filter>
    </ClCompile>
    <ClCompile Include="Hardware.cpp">
      <Filter>Source Files\Hardware</Filter>
    </ClCompile>
    <ClCompile Include="BlowFishCipher.cpp">
      <Filter>Source Files\Cryptography</Filter>
    </ClCompile>
  </ItemGroup>
  <ItemGroup>
    <ResourceCompile Include="Version.rc">
      <Filter>Resource Files</Filter>
    </ResourceCompile>
  </ItemGroup>
</Project>